
Microsoft Visual Studio Solution File, Format Version 12.00
Project("{FAE04EC0-301F-11D3-BF4B-00C04F79EFBC}") = "WeekdayLibrary", "WeekdayLibrary\WeekdayLibrary.csproj", "{4707E58E-E326-4DF9-9D2D-3E20BC799B60}"
EndProject
Project("{FAE04EC0-301F-11D3-BF4B-00C04F79EFBC}") = "WeekdayLibraryTest", "WeekdayLibraryTest\WeekdayLibraryTest.csproj", "{D8E0A7AB-F071-4C5E-A53C-7CDCFC3BD2ED}"
EndProject
Project("{FAE04EC0-301F-11D3-BF4B-00C04F79EFBC}") = "WeekdayProgram", "WeekdayProgram\WeekdayProgram.csproj", "{1C8EBA40-E180-4AED-AFAA-B9C49B132DF7}"
EndProject
Global
	GlobalSection(SolutionConfigurationPlatforms) = preSolution
		Debug|Any CPU = Debug|Any CPU
		Release|Any CPU = Release|Any CPU
	EndGlobalSection
	GlobalSection(ProjectConfigurationPlatforms) = postSolution
		{4707E58E-E326-4DF9-9D2D-3E20BC799B60}.Debug|Any CPU.ActiveCfg = Debug|Any CPU
		{4707E58E-E326-4DF9-9D2D-3E20BC799B60}.Debug|Any CPU.Build.0 = Debug|Any CPU
		{4707E58E-E326-4DF9-9D2D-3E20BC799B60}.Release|Any CPU.ActiveCfg = Release|Any CPU
		{4707E58E-E326-4DF9-9D2D-3E20BC799B60}.Release|Any CPU.Build.0 = Release|Any CPU
		{D8E0A7AB-F071-4C5E-A53C-7CDCFC3BD2ED}.Debug|Any CPU.ActiveCfg = Debug|Any CPU
		{D8E0A7AB-F071-4C5E-A53C-7CDCFC3BD2ED}.Debug|Any CPU.Build.0 = Debug|Any CPU
		{D8E0A7AB-F071-4C5E-A53C-7CDCFC3BD2ED}.Release|Any CPU.ActiveCfg = Release|Any CPU
		{D8E0A7AB-F071-4C5E-A53C-7CDCFC3BD2ED}.Release|Any CPU.Build.0 = Release|Any CPU
		{1C8EBA40-E180-4AED-AFAA-B9C49B132DF7}.Debug|Any CPU.ActiveCfg = Debug|Any CPU
		{1C8EBA40-E180-4AED-AFAA-B9C49B132DF7}.Debug|Any CPU.Build.0 = Debug|Any CPU
		{1C8EBA40-E180-4AED-AFAA-B9C49B132DF7}.Release|Any CPU.ActiveCfg = Release|Any CPU
		{1C8EBA40-E180-4AED-AFAA-B9C49B132DF7}.Release|Any CPU.Build.0 = Release|Any CPU
	EndGlobalSection
EndGlobal
